
Microsoft Visual Studio Solution File, Format Version 11.00
# Visual Studio 2010
Project("{8BC9CEB8-8B4A-11D0-8D11-00A0C91BC942}") = "HelloGL", "HelloGL\HelloGL.vcxproj", "{121741BA-5D61-470A-8637-3CE3063C5537}"
EndProject
Project("{8BC9CEB8-8B4A-11D0-8D11-00A0C91BC942}") = "CSGDemo", "CSGDemo\CSGDemo.vcxproj", "{676A389B-0CEE-4D12-9C33-590C8A48274E}"
EndProject
Global
	GlobalSection(SolutionConfigurationPlatforms) = preSolution
		Debug|Win32 = Debug|Win32
		Release|Win32 = Release|Win32
	EndGlobalSection
	GlobalSection(ProjectConfigurationPlatforms) = postSolution
		{121741BA-5D61-470A-8637-3CE3063C5537}.Debug|Win32.ActiveCfg = Debug|Win32
		{121741BA-5D61-470A-8637-3CE3063C5537}.Debug|Win32.Build.0 = Debug|Win32
		{121741BA-5D61-470A-8637-3CE3063C5537}.Release|Win32.ActiveCfg = Release|Win32
		{121741BA-5D61-470A-8637-3CE3063C5537}.Release|Win32.Build.0 = Release|Win32
		{676A389B-0CEE-4D12-9C33-590C8A48274E}.Debug|Win32.ActiveCfg = Debug|Win32
		{676A389B-0CEE-4D12-9C33-590C8A48274E}.Debug|Win32.Build.0 = Debug|Win32
		{676A389B-0CEE-4D12-9C33-590C8A48274E}.Release|Win32.ActiveCfg = Release|Win32
		{676A389B-0CEE-4D12-9C33-590C8A48274E}.Release|Win32.Build.0 = Release|Win32
	EndGlobalSection
	GlobalSection(SolutionProperties) = preSolution
		HideSolutionNode = FALSE
	EndGlobalSection
EndGlobal
